
Microsoft Visual Studio Solution File, Format Version 12.00
# Visual Studio Version 17
VisualStudioVersion = 17.2.32602.215
MinimumVisualStudioVersion = 10.0.40219.1
Project("{FAE04EC0-301F-11D3-BF4B-00C04F79EFBC}") = "DevCard-asp", "DevCard-asp\DevCard-asp.csproj", "{107BB3D2-2D80-4A8F-A759-3147500498BE}"
EndProject
Global
	GlobalSection(SolutionConfigurationPlatforms) = preSolution
		Debug|Any CPU = Debug|Any CPU
		Release|Any CPU = Release|Any CPU
	EndGlobalSection
	GlobalSection(ProjectConfigurationPlatforms) = postSolution
		{107BB3D2-2D80-4A8F-A759-3147500498BE}.Debug|Any CPU.ActiveCfg = Debug|Any CPU
		{107BB3D2-2D80-4A8F-A759-3147500498BE}.Debug|Any CPU.Build.0 = Debug|Any CPU
		{107BB3D2-2D80-4A8F-A759-3147500498BE}.Release|Any CPU.ActiveCfg = Release|Any CPU
		{107BB3D2-2D80-4A8F-A759-3147500498BE}.Release|Any CPU.Build.0 = Release|Any CPU
	EndGlobalSection
	GlobalSection(SolutionProperties) = preSolution
		HideSolutionNode = FALSE
	EndGlobalSection
	GlobalSection(ExtensibilityGlobals) = postSolution
		SolutionGuid = {80666EEF-29F4-4D34-9A0F-DCE5FD653744}
	EndGlobalSection
EndGlobal
